
Microsoft Visual Studio Solution File, Format Version 12.00
# Visual Studio Version 16
VisualStudioVersion = 16.0.30225.117
MinimumVisualStudioVersion = 10.0.40219.1
Project("{FAE04EC0-301F-11D3-BF4B-00C04F79EFBC}") = "E1-4", "E1-4\E1-4.csproj", "{24A5CD14-A86C-4F12-92A2-9AF2C712328C}"
EndProject
Global
	GlobalSection(SolutionConfigurationPlatforms) = preSolution
		Debug|Any CPU = Debug|Any CPU
		Release|Any CPU = Release|Any CPU
	EndGlobalSection
	GlobalSection(ProjectConfigurationPlatforms) = postSolution
		{24A5CD14-A86C-4F12-92A2-9AF2C712328C}.Debug|Any CPU.ActiveCfg = Debug|Any CPU
		{24A5CD14-A86C-4F12-92A2-9AF2C712328C}.Debug|Any CPU.Build.0 = Debug|Any CPU
		{24A5CD14-A86C-4F12-92A2-9AF2C712328C}.Release|Any CPU.ActiveCfg = Release|Any CPU
		{24A5CD14-A86C-4F12-92A2-9AF2C712328C}.Release|Any CPU.Build.0 = Release|Any CPU
	EndGlobalSection
	GlobalSection(SolutionProperties) = preSolution
		HideSolutionNode = FALSE
	EndGlobalSection
	GlobalSection(ExtensibilityGlobals) = postSolution
		SolutionGuid = {75447185-581C-4843-97BA-0F2DB8A3EE9F}
	EndGlobalSection
EndGlobal
