
Microsoft Visual Studio Solution File, Format Version 12.00
# Visual Studio Version 16
VisualStudioVersion = 16.0.30225.117
MinimumVisualStudioVersion = 10.0.40219.1
Project("{FAE04EC0-301F-11D3-BF4B-00C04F79EFBC}") = "E1-5", "E1-5\E1-5.csproj", "{6C5976B8-CE18-48D5-92F9-7C1405A380ED}"
EndProject
Global
	GlobalSection(SolutionConfigurationPlatforms) = preSolution
		Debug|Any CPU = Debug|Any CPU
		Release|Any CPU = Release|Any CPU
	EndGlobalSection
	GlobalSection(ProjectConfigurationPlatforms) = postSolution
		{6C5976B8-CE18-48D5-92F9-7C1405A380ED}.Debug|Any CPU.ActiveCfg = Debug|Any CPU
		{6C5976B8-CE18-48D5-92F9-7C1405A380ED}.Debug|Any CPU.Build.0 = Debug|Any CPU
		{6C5976B8-CE18-48D5-92F9-7C1405A380ED}.Release|Any CPU.ActiveCfg = Release|Any CPU
		{6C5976B8-CE18-48D5-92F9-7C1405A380ED}.Release|Any CPU.Build.0 = Release|Any CPU
	EndGlobalSection
	GlobalSection(SolutionProperties) = preSolution
		HideSolutionNode = FALSE
	EndGlobalSection
	GlobalSection(ExtensibilityGlobals) = postSolution
		SolutionGuid = {AA97D0F3-5E13-46AF-90E9-A5FBA11019BE}
	EndGlobalSection
EndGlobal
